
Microsoft Visual Studio Solution File, Format Version 12.00
# Visual Studio 15
VisualStudioVersion = 15.0.28307.329
MinimumVisualStudioVersion = 10.0.40219.1
Project("{FAE04EC0-301F-11D3-BF4B-00C04F79EFBC}") = "H2V_Acid_2", "H2V_Acid_2\H2V_Acid_2.csproj", "{74FC7556-D258-4C4B-AEF0-A33A8588E069}"
EndProject
Global
	GlobalSection(SolutionConfigurationPlatforms) = preSolution
		Debug|Any CPU = Debug|Any CPU
		Release|Any CPU = Release|Any CPU
	EndGlobalSection
	GlobalSection(ProjectConfigurationPlatforms) = postSolution
		{74FC7556-D258-4C4B-AEF0-A33A8588E069}.Debug|Any CPU.ActiveCfg = Debug|Any CPU
		{74FC7556-D258-4C4B-AEF0-A33A8588E069}.Debug|Any CPU.Build.0 = Debug|Any CPU
		{74FC7556-D258-4C4B-AEF0-A33A8588E069}.Release|Any CPU.ActiveCfg = Release|Any CPU
		{74FC7556-D258-4C4B-AEF0-A33A8588E069}.Release|Any CPU.Build.0 = Release|Any CPU
	EndGlobalSection
	GlobalSection(SolutionProperties) = preSolution
		HideSolutionNode = FALSE
	EndGlobalSection
	GlobalSection(ExtensibilityGlobals) = postSolution
		SolutionGuid = {3152DE62-557D-4E62-BB1B-5F4D6132082E}
	EndGlobalSection
EndGlobal
